
Microsoft Visual Studio Solution File, Format Version 12.00
# Visual Studio Version 16
VisualStudioVersion = 16.0.31424.327
MinimumVisualStudioVersion = 10.0.40219.1
Project("{FAE04EC0-301F-11D3-BF4B-00C04F79EFBC}") = "MVC-Imagens", "MVC-Imagens\MVC-Imagens.csproj", "{33F0A73B-B5E3-4AC7-86C0-2AB0226F0E67}"
EndProject
Project("{2150E333-8FDC-42A3-9474-1A3956D46DE8}") = "Imagens", "Imagens", "{48A6AD33-C0F8-428E-8544-AAF6DE390D6D}"
	ProjectSection(SolutionItems) = preProject
		TextFile1.txt = TextFile1.txt
	EndProjectSection
EndProject
Global
	GlobalSection(SolutionConfigurationPlatforms) = preSolution
		Debug|Any CPU = Debug|Any CPU
		Release|Any CPU = Release|Any CPU
	EndGlobalSection
	GlobalSection(ProjectConfigurationPlatforms) = postSolution
		{33F0A73B-B5E3-4AC7-86C0-2AB0226F0E67}.Debug|Any CPU.ActiveCfg = Debug|Any CPU
		{33F0A73B-B5E3-4AC7-86C0-2AB0226F0E67}.Debug|Any CPU.Build.0 = Debug|Any CPU
		{33F0A73B-B5E3-4AC7-86C0-2AB0226F0E67}.Release|Any CPU.ActiveCfg = Release|Any CPU
		{33F0A73B-B5E3-4AC7-86C0-2AB0226F0E67}.Release|Any CPU.Build.0 = Release|Any CPU
	EndGlobalSection
	GlobalSection(SolutionProperties) = preSolution
		HideSolutionNode = FALSE
	EndGlobalSection
	GlobalSection(ExtensibilityGlobals) = postSolution
		SolutionGuid = {6858A704-FCAB-4150-88D3-CF1B241925E0}
	EndGlobalSection
EndGlobal
